// !$*UTF8*$!
{
	archiveVersion = 1;
	classes = {
	};
	objectVersion = 55;
	objects = {

/* Begin PBXBuildFile section */
		FD7321E12767986400927135 /* Color+Assets.swift in Sources */ = {isa = PBXBuildFile; fileRef = FD7321E02767986400927135 /* Color+Assets.swift */; };
		FD7321E427679BBE00927135 /* WebView.swift in Sources */ = {isa = PBXBuildFile; fileRef = FD7321E327679BBE00927135 /* WebView.swift */; };
		FD7321E72768E47E00927135 /* StationInfo.swift in Sources */ = {isa = PBXBuildFile; fileRef = FD7321E62768E47E00927135 /* StationInfo.swift */; };
		FD7321EA2768EBB700927135 /* StationContentView.swift in Sources */ = {isa = PBXBuildFile; fileRef = FD7321E92768EBB700927135 /* StationContentView.swift */; };
		FD7321EC276A2FA600927135 /* SafariView.swift in Sources */ = {isa = PBXBuildFile; fileRef = FD7321EB276A2FA600927135 /* SafariView.swift */; };
		FD7321EE276A306200927135 /* TargetStationCardView.swift in Sources */ = {isa = PBXBuildFile; fileRef = FD7321ED276A306200927135 /* TargetStationCardView.swift */; };
		FDD1A47A27632DB5005D6A63 /* SwipePageChangerApp.swift in Sources */ = {isa = PBXBuildFile; fileRef = FDD1A47927632DB5005D6A63 /* SwipePageChangerApp.swift */; };
		FDD1A47E27632DB6005D6A63 /* Assets.xcassets in Resources */ = {isa = PBXBuildFile; fileRef = FDD1A47D27632DB6005D6A63 /* Assets.xcassets */; };
		FDD1A48127632DB6005D6A63 /* Preview Assets.xcassets in Resources */ = {isa = PBXBuildFile; fileRef = FDD1A48027632DB6005D6A63 /* Preview Assets.xcassets */; };
		FDD1A489276333F7005D6A63 /* TopContentView.swift in Sources */ = {isa = PBXBuildFile; fileRef = FDD1A488276333F7005D6A63 /* TopContentView.swift */; };
		FDD1A48B27634121005D6A63 /* ToolBarViewModifier.swift in Sources */ = {isa = PBXBuildFile; fileRef = FDD1A48A27634121005D6A63 /* ToolBarViewModifier.swift */; };
		FDD1A48D27637BFC005D6A63 /* TopBarSliderView.swift in Sources */ = {isa = PBXBuildFile; fileRef = FDD1A48C27637BFC005D6A63 /* TopBarSliderView.swift */; };
		FDD1A48F27638677005D6A63 /* FloatingButtonView.swift in Sources */ = {isa = PBXBuildFile; fileRef = FDD1A48E27638677005D6A63 /* FloatingButtonView.swift */; };
		FDD1A49127639CEB005D6A63 /* PageContentView.swift in Sources */ = {isa = PBXBuildFile; fileRef = FDD1A49027639CEB005D6A63 /* PageContentView.swift */; };
		FDD1A4942763D44C005D6A63 /* Constant.swift in Sources */ = {isa = PBXBuildFile; fileRef = FDD1A4932763D44C005D6A63 /* Constant.swift */; };
/* End PBXBuildFile section */

/* Begin PBXFileReference section */
		FD7321E02767986400927135 /* Color+Assets.swift */ = {isa = PBXFileReference; lastKnownFileType = sourcecode.swift; path = "Color+Assets.swift"; sourceTree = "<group>"; };
		FD7321E327679BBE00927135 /* WebView.swift */ = {isa = PBXFileReference; lastKnownFileType = sourcecode.swift; path = WebView.swift; sourceTree = "<group>"; };
		FD7321E62768E47E00927135 /* StationInfo.swift */ = {isa = PBXFileReference; lastKnownFileType = sourcecode.swift; path = StationInfo.swift; sourceTree = "<group>"; };
		FD7321E92768EBB700927135 /* StationContentView.swift */ = {isa = PBXFileReference; lastKnownFileType = sourcecode.swift; path = StationContentView.swift; sourceTree = "<group>"; };
		FD7321EB276A2FA600927135 /* SafariView.swift */ = {isa = PBXFileReference; lastKnownFileType = sourcecode.swift; path = SafariView.swift; sourceTree = "<group>"; };
		FD7321ED276A306200927135 /* TargetStationCardView.swift */ = {isa = PBXFileReference; lastKnownFileType = sourcecode.swift; path = TargetStationCardView.swift; sourceTree = "<group>"; };
		FDD1A47627632DB5005D6A63 /* SwipePageChanger.app */ = {isa = PBXFileReference; explicitFileType = wrapper.application; includeInIndex = 0; path = SwipePageChanger.app; sourceTree = BUILT_PRODUCTS_DIR; };
		FDD1A47927632DB5005D6A63 /* SwipePageChangerApp.swift */ = {isa = PBXFileReference; lastKnownFileType = sourcecode.swift; path = SwipePageChangerApp.swift; sourceTree = "<group>"; };
		FDD1A47D27632DB6005D6A63 /* Assets.xcassets */ = {isa = PBXFileReference; lastKnownFileType = folder.assetcatalog; path = Assets.xcassets; sourceTree = "<group>"; };
		FDD1A48027632DB6005D6A63 /* Preview Assets.xcassets */ = {isa = PBXFileReference; lastKnownFileType = folder.assetcatalog; path = "Preview Assets.xcassets"; sourceTree = "<group>"; };
		FDD1A488276333F7005D6A63 /* TopContentView.swift */ = {isa = PBXFileReference; lastKnownFileType = sourcecode.swift; path = TopContentView.swift; sourceTree = "<group>"; };
		FDD1A48A27634121005D6A63 /* ToolBarViewModifier.swift */ = {isa = PBXFileReference; lastKnownFileType = sourcecode.swift; path = ToolBarViewModifier.swift; sourceTree = "<group>"; };
		FDD1A48C27637BFC005D6A63 /* TopBarSliderView.swift */ = {isa = PBXFileReference; lastKnownFileType = sourcecode.swift; path = TopBarSliderView.swift; sourceTree = "<group>"; };
		FDD1A48E27638677005D6A63 /* FloatingButtonView.swift */ = {isa = PBXFileReference; lastKnownFileType = sourcecode.swift; path = FloatingButtonView.swift; sourceTree = "<group>"; };
		FDD1A49027639CEB005D6A63 /* PageContentView.swift */ = {isa = PBXFileReference; lastKnownFileType = sourcecode.swift; path = PageContentView.swift; sourceTree = "<group>"; };
		FDD1A4932763D44C005D6A63 /* Constant.swift */ = {isa = PBXFileReference; lastKnownFileType = sourcecode.swift; path = Constant.swift; sourceTree = "<group>"; };
/* End PBXFileReference section */

/* Begin PBXFrameworksBuildPhase section */
		FDD1A47327632DB5005D6A63 /* Frameworks */ = {
			isa = PBXFrameworksBuildPhase;
			buildActionMask = 2147483647;
			files = (
			);
			runOnlyForDeploymentPostprocessing = 0;
		};
/* End PBXFrameworksBuildPhase section */

/* Begin PBXGroup section */
		FD7321DE2767982700927135 /* Extension */ = {
			isa = PBXGroup;
			children = (
				FD7321E02767986400927135 /* Color+Assets.swift */,
			);
			path = Extension;
			sourceTree = "<group>";
		};
		FD7321DF2767983A00927135 /* View */ = {
			isa = PBXGroup;
			children = (
				FDD1A487276333D7005D6A63 /* Top */,
				FD7321E82768E8FC00927135 /* Contents */,
				FD7321E227679BA200927135 /* Web */,
			);
			path = View;
			sourceTree = "<group>";
		};
		FD7321E227679BA200927135 /* Web */ = {
			isa = PBXGroup;
			children = (
				FD7321E327679BBE00927135 /* WebView.swift */,
				FD7321EB276A2FA600927135 /* SafariView.swift */,
			);
			path = Web;
			sourceTree = "<group>";
		};
		FD7321E52768E45D00927135 /* Model */ = {
			isa = PBXGroup;
			children = (
				FD7321E62768E47E00927135 /* StationInfo.swift */,
			);
			path = Model;
			sourceTree = "<group>";
		};
		FD7321E82768E8FC00927135 /* Contents */ = {
			isa = PBXGroup;
			children = (
				FD7321E92768EBB700927135 /* StationContentView.swift */,
				FD7321ED276A306200927135 /* TargetStationCardView.swift */,
			);
			path = Contents;
			sourceTree = "<group>";
		};
		FDD1A46D27632DB4005D6A63 = {
			isa = PBXGroup;
			children = (
				FDD1A47827632DB5005D6A63 /* SwipePageChanger */,
				FDD1A47727632DB5005D6A63 /* Products */,
			);
			sourceTree = "<group>";
		};
		FDD1A47727632DB5005D6A63 /* Products */ = {
			isa = PBXGroup;
			children = (
				FDD1A47627632DB5005D6A63 /* SwipePageChanger.app */,
			);
			name = Products;
			sourceTree = "<group>";
		};
		FDD1A47827632DB5005D6A63 /* SwipePageChanger */ = {
			isa = PBXGroup;
			children = (
				FDD1A47927632DB5005D6A63 /* SwipePageChangerApp.swift */,
				FD7321DF2767983A00927135 /* View */,
				FD7321E52768E45D00927135 /* Model */,
				FD7321DE2767982700927135 /* Extension */,
				FDD1A4922763D431005D6A63 /* Data */,
				FDD1A47D27632DB6005D6A63 /* Assets.xcassets */,
				FDD1A47F27632DB6005D6A63 /* Preview Content */,
			);
			path = SwipePageChanger;
			sourceTree = "<group>";
		};
		FDD1A47F27632DB6005D6A63 /* Preview Content */ = {
			isa = PBXGroup;
			children = (
				FDD1A48027632DB6005D6A63 /* Preview Assets.xcassets */,
			);
			path = "Preview Content";
			sourceTree = "<group>";
		};
		FDD1A487276333D7005D6A63 /* Top */ = {
			isa = PBXGroup;
			children = (
				FDD1A488276333F7005D6A63 /* TopContentView.swift */,
				FDD1A48C27637BFC005D6A63 /* TopBarSliderView.swift */,
				FDD1A49027639CEB005D6A63 /* PageContentView.swift */,
				FDD1A48E27638677005D6A63 /* FloatingButtonView.swift */,
				FDD1A48A27634121005D6A63 /* ToolBarViewModifier.swift */,
			);
			path = Top;
			sourceTree = "<group>";
		};
		FDD1A4922763D431005D6A63 /* Data */ = {
			isa = PBXGroup;
			children = (
				FDD1A4932763D44C005D6A63 /* Constant.swift */,
			);
			path = Data;
			sourceTree = "<group>";
		};
/* End PBXGroup section */

/* Begin PBXNativeTarget section */
		FDD1A47527632DB5005D6A63 /* SwipePageChanger */ = {
			isa = PBXNativeTarget;
			buildConfigurationList = FDD1A48427632DB6005D6A63 /* Build configuration list for PBXNativeTarget "SwipePageChanger" */;
			buildPhases = (
				FDD1A47227632DB5005D6A63 /* Sources */,
				FDD1A47327632DB5005D6A63 /* Frameworks */,
				FDD1A47427632DB5005D6A63 /* Resources */,
			);
			buildRules = (
			);
			dependencies = (
			);
			name = SwipePageChanger;
			productName = SwipePageChanger;
			productReference = FDD1A47627632DB5005D6A63 /* SwipePageChanger.app */;
			productType = "com.apple.product-type.application";
		};
/* End PBXNativeTarget section */

/* Begin PBXProject section */
		FDD1A46E27632DB4005D6A63 /* Project object */ = {
			isa = PBXProject;
			attributes = {
				BuildIndependentTargetsInParallel = 1;
				LastSwiftUpdateCheck = 1310;
				LastUpgradeCheck = 1310;
				TargetAttributes = {
					FDD1A47527632DB5005D6A63 = {
						CreatedOnToolsVersion = 13.1;
					};
				};
			};
			buildConfigurationList = FDD1A47127632DB4005D6A63 /* Build configuration list for PBXProject "SwipePageChanger" */;
			compatibilityVersion = "Xcode 13.0";
			developmentRegion = en;
			hasScannedForEncodings = 0;
			knownRegions = (
				en,
				Base,
			);
			mainGroup = FDD1A46D27632DB4005D6A63;
			productRefGroup = FDD1A47727632DB5005D6A63 /* Products */;
			projectDirPath = "";
			projectRoot = "";
			targets = (
				FDD1A47527632DB5005D6A63 /* SwipePageChanger */,
			);
		};
/* End PBXProject section */

/* Begin PBXResourcesBuildPhase section */
		FDD1A47427632DB5005D6A63 /* Resources */ = {
			isa = PBXResourcesBuildPhase;
			buildActionMask = 2147483647;
			files = (
				FDD1A48127632DB6005D6A63 /* Preview Assets.xcassets in Resources */,
				FDD1A47E27632DB6005D6A63 /* Assets.xcassets in Resources */,
			);
			runOnlyForDeploymentPostprocessing = 0;
		};
/* End PBXResourcesBuildPhase section */

/* Begin PBXSourcesBuildPhase section */
		FDD1A47227632DB5005D6A63 /* Sources */ = {
			isa = PBXSourcesBuildPhase;
			buildActionMask = 2147483647;
			files = (
				FDD1A4942763D44C005D6A63 /* Constant.swift in Sources */,
				FDD1A48B27634121005D6A63 /* ToolBarViewModifier.swift in Sources */,
				FD7321EA2768EBB700927135 /* StationContentView.swift in Sources */,
				FD7321E12767986400927135 /* Color+Assets.swift in Sources */,
				FD7321EC276A2FA600927135 /* SafariView.swift in Sources */,
				FDD1A49127639CEB005D6A63 /* PageContentView.swift in Sources */,
				FDD1A489276333F7005D6A63 /* TopContentView.swift in Sources */,
				FDD1A47A27632DB5005D6A63 /* SwipePageChangerApp.swift in Sources */,
				FD7321E72768E47E00927135 /* StationInfo.swift in Sources */,
				FD7321EE276A306200927135 /* TargetStationCardView.swift in Sources */,
				FD7321E427679BBE00927135 /* WebView.swift in Sources */,
				FDD1A48F27638677005D6A63 /* FloatingButtonView.swift in Sources */,
				FDD1A48D27637BFC005D6A63 /* TopBarSliderView.swift in Sources */,
			);
			runOnlyForDeploymentPostprocessing = 0;
		};
/* End PBXSourcesBuildPhase section */

/* Begin XCBuildConfiguration section */
		FDD1A48227632DB6005D6A63 /* Debug */ = {
			isa = XCBuildConfiguration;
			buildSettings = {
				ALWAYS_SEARCH_USER_PATHS = NO;
				CLANG_ANALYZER_NONNULL = YES;
				CLANG_ANALYZER_NUMBER_OBJECT_CONVERSION = YES_AGGRESSIVE;
				CLANG_CXX_LANGUAGE_STANDARD = "gnu++17";
				CLANG_CXX_LIBRARY = "libc++";
				CLANG_ENABLE_MODULES = YES;
				CLANG_ENABLE_OBJC_ARC = YES;
				CLANG_ENABLE_OBJC_WEAK = YES;
				CLANG_WARN_BLOCK_CAPTURE_AUTORELEASING = YES;
				CLANG_WARN_BOOL_CONVERSION = YES;
				CLANG_WARN_COMMA = YES;
				CLANG_WARN_CONSTANT_CONVERSION = YES;
				CLANG_WARN_DEPRECATED_OBJC_IMPLEMENTATIONS = YES;
				CLANG_WARN_DIRECT_OBJC_ISA_USAGE = YES_ERROR;
				CLANG_WARN_DOCUMENTATION_COMMENTS = YES;
				CLANG_WARN_EMPTY_BODY = YES;
				CLANG_WARN_ENUM_CONVERSION = YES;
				CLANG_WARN_INFINITE_RECURSION = YES;
				CLANG_WARN_INT_CONVERSION = YES;
				CLANG_WARN_NON_LITERAL_NULL_CONVERSION = YES;
				CLANG_WARN_OBJC_IMPLICIT_RETAIN_SELF = YES;
				CLANG_WARN_OBJC_LITERAL_CONVERSION = YES;
				CLANG_WARN_OBJC_ROOT_CLASS = YES_ERROR;
				CLANG_WARN_QUOTED_INCLUDE_IN_FRAMEWORK_HEADER = YES;
				CLANG_WARN_RANGE_LOOP_ANALYSIS = YES;
				CLANG_WARN_STRICT_PROTOTYPES = YES;
				CLANG_WARN_SUSPICIOUS_MOVE = YES;
				CLANG_WARN_UNGUARDED_AVAILABILITY = YES_AGGRESSIVE;
				CLANG_WARN_UNREACHABLE_CODE = YES;
				CLANG_WARN__DUPLICATE_METHOD_MATCH = YES;
				COPY_PHASE_STRIP = NO;
				DEBUG_INFORMATION_FORMAT = dwarf;
				ENABLE_STRICT_OBJC_MSGSEND = YES;
				ENABLE_TESTABILITY = YES;
				GCC_C_LANGUAGE_STANDARD = gnu11;
				GCC_DYNAMIC_NO_PIC = NO;
				GCC_NO_COMMON_BLOCKS = YES;
				GCC_OPTIMIZATION_LEVEL = 0;
				GCC_PREPROCESSOR_DEFINITIONS = (
					"DEBUG=1",
					"$(inherited)",
				);
				GCC_WARN_64_TO_32_BIT_CONVERSION = YES;
				GCC_WARN_ABOUT_RETURN_TYPE = YES_ERROR;
				GCC_WARN_UNDECLARED_SELECTOR = YES;
				GCC_WARN_UNINITIALIZED_AUTOS = YES_AGGRESSIVE;
				GCC_WARN_UNUSED_FUNCTION = YES;
				GCC_WARN_UNUSED_VARIABLE = YES;
				IPHONEOS_DEPLOYMENT_TARGET = 15.0;
				MTL_ENABLE_DEBUG_INFO = INCLUDE_SOURCE;
				MTL_FAST_MATH = YES;
				ONLY_ACTIVE_ARCH = YES;
				SDKROOT = iphoneos;
				SWIFT_ACTIVE_COMPILATION_CONDITIONS = DEBUG;
				SWIFT_OPTIMIZATION_LEVEL = "-Onone";
			};
			name = Debug;
		};
		FDD1A48327632DB6005D6A63 /* Release */ = {
			isa = XCBuildConfiguration;
			buildSettings = {
				ALWAYS_SEARCH_USER_PATHS = NO;
				CLANG_ANALYZER_NONNULL = YES;
				CLANG_ANALYZER_NUMBER_OBJECT_CONVERSION = YES_AGGRESSIVE;
				CLANG_CXX_LANGUAGE_STANDARD = "gnu++17";
				CLANG_CXX_LIBRARY = "libc++";
				CLANG_ENABLE_MODULES = YES;
				CLANG_ENABLE_OBJC_ARC = YES;
				CLANG_ENABLE_OBJC_WEAK = YES;
				CLANG_WARN_BLOCK_CAPTURE_AUTORELEASING = YES;
				CLANG_WARN_BOOL_CONVERSION = YES;
				CLANG_WARN_COMMA = YES;
				CLANG_WARN_CONSTANT_CONVERSION = YES;
				CLANG_WARN_DEPRECATED_OBJC_IMPLEMENTATIONS = YES;
				CLANG_WARN_DIRECT_OBJC_ISA_USAGE = YES_ERROR;
				CLANG_WARN_DOCUMENTATION_COMMENTS = YES;
				CLANG_WARN_EMPTY_BODY = YES;
				CLANG_WARN_ENUM_CONVERSION = YES;
				CLANG_WARN_INFINITE_RECURSION = YES;
				CLANG_WARN_INT_CONVERSION = YES;
				CLANG_WARN_NON_LITERAL_NULL_CONVERSION = YES;
				CLANG_WARN_OBJC_IMPLICIT_RETAIN_SELF = YES;
				CLANG_WARN_OBJC_LITERAL_CONVERSION = YES;
				CLANG_WARN_OBJC_ROOT_CLASS = YES_ERROR;
				CLANG_WARN_QUOTED_INCLUDE_IN_FRAMEWORK_HEADER = YES;
				CLANG_WARN_RANGE_LOOP_ANALYSIS = YES;
				CLANG_WARN_STRICT_PROTOTYPES = YES;
				CLANG_WARN_SUSPICIOUS_MOVE = YES;
				CLANG_WARN_UNGUARDED_AVAILABILITY = YES_AGGRESSIVE;
				CLANG_WARN_UNREACHABLE_CODE = YES;
				CLANG_WARN__DUPLICATE_METHOD_MATCH = YES;
				COPY_PHASE_STRIP = NO;
				DEBUG_INFORMATION_FORMAT = "dwarf-with-dsym";
				ENABLE_NS_ASSERTIONS = NO;
				ENABLE_STRICT_OBJC_MSGSEND = YES;
				GCC_C_LANGUAGE_STANDARD = gnu11;
				GCC_NO_COMMON_BLOCKS = YES;
				GCC_WARN_64_TO_32_BIT_CONVERSION = YES;
				GCC_WARN_ABOUT_RETURN_TYPE = YES_ERROR;
				GCC_WARN_UNDECLARED_SELECTOR = YES;
				GCC_WARN_UNINITIALIZED_AUTOS = YES_AGGRESSIVE;
				GCC_WARN_UNUSED_FUNCTION = YES;
				GCC_WARN_UNUSED_VARIABLE = YES;
				IPHONEOS_DEPLOYMENT_TARGET = 15.0;
				MTL_ENABLE_DEBUG_INFO = NO;
				MTL_FAST_MATH = YES;
				SDKROOT = iphoneos;
				SWIFT_COMPILATION_MODE = wholemodule;
				SWIFT_OPTIMIZATION_LEVEL = "-O";
				VALIDATE_PRODUCT = YES;
			};
			name = Release;
		};
		FDD1A48527632DB6005D6A63 /* Debug */ = {
			isa = XCBuildConfiguration;
			buildSettings = {
				ASSETCATALOG_COMPILER_APPICON_NAME = AppIcon;
				ASSETCATALOG_COMPILER_GLOBAL_ACCENT_COLOR_NAME = AccentColor;
				CODE_SIGN_STYLE = Automatic;
				CURRENT_PROJECT_VERSION = 1;
				DEVELOPMENT_ASSET_PATHS = "\"SwipePageChanger/Preview Content\"";
				DEVELOPMENT_TEAM = 7M7ZGYSAKB;
				ENABLE_PREVIEWS = YES;
				GENERATE_INFOPLIST_FILE = YES;
				INFOPLIST_KEY_UIApplicationSceneManifest_Generation = YES;
				INFOPLIST_KEY_UIApplicationSupportsIndirectInputEvents = YES;
				INFOPLIST_KEY_UILaunchScreen_Generation = YES;
				INFOPLIST_KEY_UISupportedInterfaceOrientations_iPad = "UIInterfaceOrientationPortrait UIInterfaceOrientationPortraitUpsideDown UIInterfaceOrientationLandscapeLeft UIInterfaceOrientationLandscapeRight";
				INFOPLIST_KEY_UISupportedInterfaceOrientations_iPhone = "UIInterfaceOrientationPortrait UIInterfaceOrientationLandscapeLeft UIInterfaceOrientationLandscapeRight";
				LD_RUNPATH_SEARCH_PATHS = (
					"$(inherited)",
					"@executable_path/Frameworks",
				);
				MARKETING_VERSION = 1.0;
				PRODUCT_BUNDLE_IDENTIFIER = com.ASTK.SwipePageChanger;
				PRODUCT_NAME = "$(TARGET_NAME)";
				SWIFT_EMIT_LOC_STRINGS = YES;
				SWIFT_VERSION = 5.0;
				TARGETED_DEVICE_FAMILY = "1,2";
			};
			name = Debug;
		};
		FDD1A48627632DB6005D6A63 /* Release */ = {
			isa = XCBuildConfiguration;
			buildSettings = {
				ASSETCATALOG_COMPILER_APPICON_NAME = AppIcon;
				ASSETCATALOG_COMPILER_GLOBAL_ACCENT_COLOR_NAME = AccentColor;
				CODE_SIGN_STYLE = Automatic;
				CURRENT_PROJECT_VERSION = 1;
				DEVELOPMENT_ASSET_PATHS = "\"SwipePageChanger/Preview Content\"";
				DEVELOPMENT_TEAM = 7M7ZGYSAKB;
				ENABLE_PREVIEWS = YES;
				GENERATE_INFOPLIST_FILE = YES;
				INFOPLIST_KEY_UIApplicationSceneManifest_Generation = YES;
				INFOPLIST_KEY_UIApplicationSupportsIndirectInputEvents = YES;
				INFOPLIST_KEY_UILaunchScreen_Generation = YES;
				INFOPLIST_KEY_UISupportedInterfaceOrientations_iPad = "UIInterfaceOrientationPortrait UIInterfaceOrientationPortraitUpsideDown UIInterfaceOrientationLandscapeLeft UIInterfaceOrientationLandscapeRight";
				INFOPLIST_KEY_UISupportedInterfaceOrientations_iPhone = "UIInterfaceOrientationPortrait UIInterfaceOrientationLandscapeLeft UIInterfaceOrientationLandscapeRight";
				LD_RUNPATH_SEARCH_PATHS = (
					"$(inherited)",
					"@executable_path/Frameworks",
				);
				MARKETING_VERSION = 1.0;
				PRODUCT_BUNDLE_IDENTIFIER = com.ASTK.SwipePageChanger;
				PRODUCT_NAME = "$(TARGET_NAME)";
				SWIFT_EMIT_LOC_STRINGS = YES;
				SWIFT_VERSION = 5.0;
				TARGETED_DEVICE_FAMILY = "1,2";
			};
			name = Release;
		};
/* End XCBuildConfiguration section */

/* Begin XCConfigurationList section */
		FDD1A47127632DB4005D6A63 /* Build configuration list for PBXProject "SwipePageChanger" */ = {
			isa = XCConfigurationList;
			buildConfigurations = (
				FDD1A48227632DB6005D6A63 /* Debug */,
				FDD1A48327632DB6005D6A63 /* Release */,
			);
			defaultConfigurationIsVisible = 0;
			defaultConfigurationName = Release;
		};
		FDD1A48427632DB6005D6A63 /* Build configuration list for PBXNativeTarget "SwipePageChanger" */ = {
			isa = XCConfigurationList;
			buildConfigurations = (
				FDD1A48527632DB6005D6A63 /* Debug */,
				FDD1A48627632DB6005D6A63 /* Release */,
			);
			defaultConfigurationIsVisible = 0;
			defaultConfigurationName = Release;
		};
/* End XCConfigurationList section */
	};
	rootObject = FDD1A46E27632DB4005D6A63 /* Project object */;
}
